
Microsoft Visual Studio Solution File, Format Version 12.00
# Visual Studio Version 17
VisualStudioVersion = 17.9.34714.143
MinimumVisualStudioVersion = 10.0.40219.1
Project("{FAE04EC0-301F-11D3-BF4B-00C04F79EFBC}") = "WepAPI", "WepAPI\WepAPI.csproj", "{64C1B323-4DCA-4DB9-B535-3A56FA4A80DB}"
EndProject
Project("{FAE04EC0-301F-11D3-BF4B-00C04F79EFBC}") = "Business", "Business\Business.csproj", "{1FD7EFEE-DD23-47A2-83DB-8AC772685495}"
EndProject
Project("{FAE04EC0-301F-11D3-BF4B-00C04F79EFBC}") = "Entities", "Entities\Entities.csproj", "{D92979C5-3581-4242-AD2F-3B0708C2F168}"
EndProject
Global
	GlobalSection(SolutionConfigurationPlatforms) = preSolution
		Debug|Any CPU = Debug|Any CPU
		Release|Any CPU = Release|Any CPU
	EndGlobalSection
	GlobalSection(ProjectConfigurationPlatforms) = postSolution
		{64C1B323-4DCA-4DB9-B535-3A56FA4A80DB}.Debug|Any CPU.ActiveCfg = Debug|Any CPU
		{64C1B323-4DCA-4DB9-B535-3A56FA4A80DB}.Debug|Any CPU.Build.0 = Debug|Any CPU
		{64C1B323-4DCA-4DB9-B535-3A56FA4A80DB}.Release|Any CPU.ActiveCfg = Release|Any CPU
		{64C1B323-4DCA-4DB9-B535-3A56FA4A80DB}.Release|Any CPU.Build.0 = Release|Any CPU
		{1FD7EFEE-DD23-47A2-83DB-8AC772685495}.Debug|Any CPU.ActiveCfg = Debug|Any CPU
		{1FD7EFEE-DD23-47A2-83DB-8AC772685495}.Debug|Any CPU.Build.0 = Debug|Any CPU
		{1FD7EFEE-DD23-47A2-83DB-8AC772685495}.Release|Any CPU.ActiveCfg = Release|Any CPU
		{1FD7EFEE-DD23-47A2-83DB-8AC772685495}.Release|Any CPU.Build.0 = Release|Any CPU
		{D92979C5-3581-4242-AD2F-3B0708C2F168}.Debug|Any CPU.ActiveCfg = Debug|Any CPU
		{D92979C5-3581-4242-AD2F-3B0708C2F168}.Debug|Any CPU.Build.0 = Debug|Any CPU
		{D92979C5-3581-4242-AD2F-3B0708C2F168}.Release|Any CPU.ActiveCfg = Release|Any CPU
		{D92979C5-3581-4242-AD2F-3B0708C2F168}.Release|Any CPU.Build.0 = Release|Any CPU
	EndGlobalSection
	GlobalSection(SolutionProperties) = preSolution
		HideSolutionNode = FALSE
	EndGlobalSection
	GlobalSection(ExtensibilityGlobals) = postSolution
		SolutionGuid = {3B8BD3EA-689D-4764-A2BB-76BCE47AADEA}
	EndGlobalSection
EndGlobal
